
Microsoft Visual Studio Solution File, Format Version 12.00
# Visual Studio Version 17
VisualStudioVersion = 17.5.33424.131
MinimumVisualStudioVersion = 10.0.40219.1
Project("{2150E333-8FDC-42A3-9474-1A3956D46DE8}") = "SingletonPatternTypes", "SingletonPatternTypes", "{1DA22FA1-B1FF-4574-B776-A00B7B02FD9F}"
EndProject
Project("{9A19103F-16F7-4668-BE54-9A1E7A4F7556}") = "SingletonPatternWithReadonly", "SingletonPatternTypes\SingletonPatternWithReadonly\SingletonPatternWithReadonly.csproj", "{2B8371CE-B333-4C5F-92E0-4B1C631832C2}"
EndProject
Project("{9A19103F-16F7-4668-BE54-9A1E7A4F7556}") = "SingletonPatternWithMethod", "SingletonPatternTypes\SingletonPatternWithMethod\SingletonPatternWithMethod.csproj", "{6169B816-4256-456B-BB0E-D990EADAF20F}"
EndProject
Project("{9A19103F-16F7-4668-BE54-9A1E7A4F7556}") = "SingletonPatternWithProperty", "SingletonPatternTypes\SingletonPatternWithProperty\SingletonPatternWithProperty.csproj", "{E4E2F8F8-9E50-4413-A9FF-14D8A0DF508A}"
EndProject
Project("{2150E333-8FDC-42A3-9474-1A3956D46DE8}") = "FactoryPattern", "FactoryPattern", "{20C21FA8-95D9-4E3D-A3C5-792472A19008}"
EndProject
Project("{9A19103F-16F7-4668-BE54-9A1E7A4F7556}") = "FactoryPatternWithClassDiagram", "FactoryPattern\FactoryPatternWithClassDiagram\FactoryPatternWithClassDiagram.csproj", "{9AB5B24B-239F-4B36-8744-7B15F9FA2DF6}"
EndProject
Project("{9A19103F-16F7-4668-BE54-9A1E7A4F7556}") = "FactoryPattern1", "FactoryPattern\FactoryPattern1\FactoryPattern1.csproj", "{3D9ECD99-C509-48F9-9B97-3D3634BEC103}"
EndProject
Project("{2150E333-8FDC-42A3-9474-1A3956D46DE8}") = "AbstractFactoryPattern", "AbstractFactoryPattern", "{76E3C554-494D-495C-95A0-7732A0733C5E}"
EndProject
Project("{9A19103F-16F7-4668-BE54-9A1E7A4F7556}") = "AbstractFactoryPattern1", "AbstractFactoryPattern\AbstractFactoryPattern1\AbstractFactoryPattern1.csproj", "{4578F8B9-E8E6-4DE5-9A58-E0AFAD209B99}"
EndProject
Project("{2150E333-8FDC-42A3-9474-1A3956D46DE8}") = "BuilderPattern", "BuilderPattern", "{A4A6413D-B1EC-492E-8405-5CD8C21A22E1}"
EndProject
Project("{9A19103F-16F7-4668-BE54-9A1E7A4F7556}") = "BuilderPattern.Ex1", " BuilderPattern\BuilderPattern.Ex1\BuilderPattern.Ex1.csproj", "{DE986914-F67F-41E5-8CFE-CBA5228D75A3}"
EndProject
Project("{2150E333-8FDC-42A3-9474-1A3956D46DE8}") = "PrototypePattern", "PrototypePattern", "{9796CEBE-7F07-47D9-ADAA-335C14DD0AC9}"
EndProject
Project("{9A19103F-16F7-4668-BE54-9A1E7A4F7556}") = "PrototypePattern.Ex", "PrototypePattern\PrototypePattern.Ex\PrototypePattern.Ex.csproj", "{02A4B142-7360-400C-854E-B3D1FA11218E}"
EndProject
Project("{2150E333-8FDC-42A3-9474-1A3956D46DE8}") = "AdapterPattern", "AdapterPattern", "{100AE78D-7446-40AD-A49C-F3A1D82270DE}"
EndProject
Project("{9A19103F-16F7-4668-BE54-9A1E7A4F7556}") = "AdapterPattern.Ex", "AdapterPattern\AdapterPattern.Ex\AdapterPattern.Ex.csproj", "{4EBCD073-8419-412A-B433-292EC2548C4A}"
EndProject
Project("{9A19103F-16F7-4668-BE54-9A1E7A4F7556}") = "MovableClassLibrary", "AdapterPattern\MovableClassLibrary\MovableClassLibrary.csproj", "{12B6276D-90FC-4773-8421-74A033ED3B01}"
EndProject
Project("{2150E333-8FDC-42A3-9474-1A3956D46DE8}") = "BridgePattern", "BridgePattern", "{67AE3328-BB8E-43D5-A696-41B92EBBCF1B}"
EndProject
Project("{9A19103F-16F7-4668-BE54-9A1E7A4F7556}") = "BridgePattern.Ex", "BridgePattern\BridgePattern.Ex\BridgePattern.Ex.csproj", "{E943FD21-240E-48D4-BE31-4738412F6933}"
EndProject
Project("{9A19103F-16F7-4668-BE54-9A1E7A4F7556}") = "BridgePattern.Ex2", "BridgePattern\BridgePattern.Ex2\BridgePattern.Ex2.csproj", "{2A0DC5ED-F1D5-4C8A-A640-D6106F824F77}"
EndProject
Project("{2150E333-8FDC-42A3-9474-1A3956D46DE8}") = "CompositePattern", "CompositePattern", "{639E4342-620D-43CD-9210-F13437FD788B}"
EndProject
Project("{9A19103F-16F7-4668-BE54-9A1E7A4F7556}") = "CompositePattern.Ex", "CompositePattern\CompositePattern.Ex\CompositePattern.Ex.csproj", "{4CCC6543-BA78-43D5-9A3F-F85F6722916F}"
EndProject
Project("{9A19103F-16F7-4668-BE54-9A1E7A4F7556}") = "CompositePattern.Ex2", "CompositePattern\CompositePattern.Ex2\CompositePattern.Ex2.csproj", "{6333D453-34A2-486E-B1BF-4A969600ACE8}"
EndProject
Project("{9A19103F-16F7-4668-BE54-9A1E7A4F7556}") = "CompositePattern.Ex3", "CompositePattern\CompositePattern.Ex3\CompositePattern.Ex3.csproj", "{603A899D-C156-46A7-A580-EE0227171CE5}"
EndProject
Project("{2150E333-8FDC-42A3-9474-1A3956D46DE8}") = "DecoratorPattern", "DecoratorPattern", "{5DE39A6E-015E-4340-B28F-6CC9EB5BA1EC}"
EndProject
Project("{FAE04EC0-301F-11D3-BF4B-00C04F79EFBC}") = "DecoratorPattern.Ex", "DecoratorPattern\DecoratorPattern.Ex\DecoratorPattern.Ex.csproj", "{4F4F57AF-4F55-4FE1-AF12-6E22672E2C15}"
EndProject
Project("{2150E333-8FDC-42A3-9474-1A3956D46DE8}") = "FacadePattern", "FacadePattern", "{0DD35068-1828-4A66-8AA3-EF7D206D370B}"
EndProject
Project("{FAE04EC0-301F-11D3-BF4B-00C04F79EFBC}") = "FacadePattern.Ex", "FacadePattern\FacadePattern.Ex\FacadePattern.Ex.csproj", "{21533A79-48ED-418D-B4AE-33B7CE3476FD}"
EndProject
Global
	GlobalSection(SolutionConfigurationPlatforms) = preSolution
		Debug|Any CPU = Debug|Any CPU
		Release|Any CPU = Release|Any CPU
	EndGlobalSection
	GlobalSection(ProjectConfigurationPlatforms) = postSolution
		{2B8371CE-B333-4C5F-92E0-4B1C631832C2}.Debug|Any CPU.ActiveCfg = Debug|Any CPU
		{2B8371CE-B333-4C5F-92E0-4B1C631832C2}.Debug|Any CPU.Build.0 = Debug|Any CPU
		{2B8371CE-B333-4C5F-92E0-4B1C631832C2}.Release|Any CPU.ActiveCfg = Release|Any CPU
		{2B8371CE-B333-4C5F-92E0-4B1C631832C2}.Release|Any CPU.Build.0 = Release|Any CPU
		{6169B816-4256-456B-BB0E-D990EADAF20F}.Debug|Any CPU.ActiveCfg = Debug|Any CPU
		{6169B816-4256-456B-BB0E-D990EADAF20F}.Debug|Any CPU.Build.0 = Debug|Any CPU
		{6169B816-4256-456B-BB0E-D990EADAF20F}.Release|Any CPU.ActiveCfg = Release|Any CPU
		{6169B816-4256-456B-BB0E-D990EADAF20F}.Release|Any CPU.Build.0 = Release|Any CPU
		{E4E2F8F8-9E50-4413-A9FF-14D8A0DF508A}.Debug|Any CPU.ActiveCfg = Debug|Any CPU
		{E4E2F8F8-9E50-4413-A9FF-14D8A0DF508A}.Debug|Any CPU.Build.0 = Debug|Any CPU
		{E4E2F8F8-9E50-4413-A9FF-14D8A0DF508A}.Release|Any CPU.ActiveCfg = Release|Any CPU
		{E4E2F8F8-9E50-4413-A9FF-14D8A0DF508A}.Release|Any CPU.Build.0 = Release|Any CPU
		{9AB5B24B-239F-4B36-8744-7B15F9FA2DF6}.Debug|Any CPU.ActiveCfg = Debug|Any CPU
		{9AB5B24B-239F-4B36-8744-7B15F9FA2DF6}.Debug|Any CPU.Build.0 = Debug|Any CPU
		{9AB5B24B-239F-4B36-8744-7B15F9FA2DF6}.Release|Any CPU.ActiveCfg = Release|Any CPU
		{9AB5B24B-239F-4B36-8744-7B15F9FA2DF6}.Release|Any CPU.Build.0 = Release|Any CPU
		{3D9ECD99-C509-48F9-9B97-3D3634BEC103}.Debug|Any CPU.ActiveCfg = Debug|Any CPU
		{3D9ECD99-C509-48F9-9B97-3D3634BEC103}.Debug|Any CPU.Build.0 = Debug|Any CPU
		{3D9ECD99-C509-48F9-9B97-3D3634BEC103}.Release|Any CPU.ActiveCfg = Release|Any CPU
		{3D9ECD99-C509-48F9-9B97-3D3634BEC103}.Release|Any CPU.Build.0 = Release|Any CPU
		{4578F8B9-E8E6-4DE5-9A58-E0AFAD209B99}.Debug|Any CPU.ActiveCfg = Debug|Any CPU
		{4578F8B9-E8E6-4DE5-9A58-E0AFAD209B99}.Debug|Any CPU.Build.0 = Debug|Any CPU
		{4578F8B9-E8E6-4DE5-9A58-E0AFAD209B99}.Release|Any CPU.ActiveCfg = Release|Any CPU
		{4578F8B9-E8E6-4DE5-9A58-E0AFAD209B99}.Release|Any CPU.Build.0 = Release|Any CPU
		{DE986914-F67F-41E5-8CFE-CBA5228D75A3}.Debug|Any CPU.ActiveCfg = Debug|Any CPU
		{DE986914-F67F-41E5-8CFE-CBA5228D75A3}.Debug|Any CPU.Build.0 = Debug|Any CPU
		{DE986914-F67F-41E5-8CFE-CBA5228D75A3}.Release|Any CPU.ActiveCfg = Release|Any CPU
		{DE986914-F67F-41E5-8CFE-CBA5228D75A3}.Release|Any CPU.Build.0 = Release|Any CPU
		{02A4B142-7360-400C-854E-B3D1FA11218E}.Debug|Any CPU.ActiveCfg = Debug|Any CPU
		{02A4B142-7360-400C-854E-B3D1FA11218E}.Debug|Any CPU.Build.0 = Debug|Any CPU
		{02A4B142-7360-400C-854E-B3D1FA11218E}.Release|Any CPU.ActiveCfg = Release|Any CPU
		{02A4B142-7360-400C-854E-B3D1FA11218E}.Release|Any CPU.Build.0 = Release|Any CPU
		{4EBCD073-8419-412A-B433-292EC2548C4A}.Debug|Any CPU.ActiveCfg = Debug|Any CPU
		{4EBCD073-8419-412A-B433-292EC2548C4A}.Debug|Any CPU.Build.0 = Debug|Any CPU
		{4EBCD073-8419-412A-B433-292EC2548C4A}.Release|Any CPU.ActiveCfg = Release|Any CPU
		{4EBCD073-8419-412A-B433-292EC2548C4A}.Release|Any CPU.Build.0 = Release|Any CPU
		{12B6276D-90FC-4773-8421-74A033ED3B01}.Debug|Any CPU.ActiveCfg = Debug|Any CPU
		{12B6276D-90FC-4773-8421-74A033ED3B01}.Debug|Any CPU.Build.0 = Debug|Any CPU
		{12B6276D-90FC-4773-8421-74A033ED3B01}.Release|Any CPU.ActiveCfg = Release|Any CPU
		{12B6276D-90FC-4773-8421-74A033ED3B01}.Release|Any CPU.Build.0 = Release|Any CPU
		{E943FD21-240E-48D4-BE31-4738412F6933}.Debug|Any CPU.ActiveCfg = Debug|Any CPU
		{E943FD21-240E-48D4-BE31-4738412F6933}.Debug|Any CPU.Build.0 = Debug|Any CPU
		{E943FD21-240E-48D4-BE31-4738412F6933}.Release|Any CPU.ActiveCfg = Release|Any CPU
		{E943FD21-240E-48D4-BE31-4738412F6933}.Release|Any CPU.Build.0 = Release|Any CPU
		{2A0DC5ED-F1D5-4C8A-A640-D6106F824F77}.Debug|Any CPU.ActiveCfg = Debug|Any CPU
		{2A0DC5ED-F1D5-4C8A-A640-D6106F824F77}.Debug|Any CPU.Build.0 = Debug|Any CPU
		{2A0DC5ED-F1D5-4C8A-A640-D6106F824F77}.Release|Any CPU.ActiveCfg = Release|Any CPU
		{2A0DC5ED-F1D5-4C8A-A640-D6106F824F77}.Release|Any CPU.Build.0 = Release|Any CPU
		{4CCC6543-BA78-43D5-9A3F-F85F6722916F}.Debug|Any CPU.ActiveCfg = Debug|Any CPU
		{4CCC6543-BA78-43D5-9A3F-F85F6722916F}.Debug|Any CPU.Build.0 = Debug|Any CPU
		{4CCC6543-BA78-43D5-9A3F-F85F6722916F}.Release|Any CPU.ActiveCfg = Release|Any CPU
		{4CCC6543-BA78-43D5-9A3F-F85F6722916F}.Release|Any CPU.Build.0 = Release|Any CPU
		{6333D453-34A2-486E-B1BF-4A969600ACE8}.Debug|Any CPU.ActiveCfg = Debug|Any CPU
		{6333D453-34A2-486E-B1BF-4A969600ACE8}.Debug|Any CPU.Build.0 = Debug|Any CPU
		{6333D453-34A2-486E-B1BF-4A969600ACE8}.Release|Any CPU.ActiveCfg = Release|Any CPU
		{6333D453-34A2-486E-B1BF-4A969600ACE8}.Release|Any CPU.Build.0 = Release|Any CPU
		{603A899D-C156-46A7-A580-EE0227171CE5}.Debug|Any CPU.ActiveCfg = Debug|Any CPU
		{603A899D-C156-46A7-A580-EE0227171CE5}.Debug|Any CPU.Build.0 = Debug|Any CPU
		{603A899D-C156-46A7-A580-EE0227171CE5}.Release|Any CPU.ActiveCfg = Release|Any CPU
		{603A899D-C156-46A7-A580-EE0227171CE5}.Release|Any CPU.Build.0 = Release|Any CPU
		{4F4F57AF-4F55-4FE1-AF12-6E22672E2C15}.Debug|Any CPU.ActiveCfg = Debug|Any CPU
		{4F4F57AF-4F55-4FE1-AF12-6E22672E2C15}.Debug|Any CPU.Build.0 = Debug|Any CPU
		{4F4F57AF-4F55-4FE1-AF12-6E22672E2C15}.Release|Any CPU.ActiveCfg = Release|Any CPU
		{4F4F57AF-4F55-4FE1-AF12-6E22672E2C15}.Release|Any CPU.Build.0 = Release|Any CPU
		{21533A79-48ED-418D-B4AE-33B7CE3476FD}.Debug|Any CPU.ActiveCfg = Debug|Any CPU
		{21533A79-48ED-418D-B4AE-33B7CE3476FD}.Debug|Any CPU.Build.0 = Debug|Any CPU
		{21533A79-48ED-418D-B4AE-33B7CE3476FD}.Release|Any CPU.ActiveCfg = Release|Any CPU
		{21533A79-48ED-418D-B4AE-33B7CE3476FD}.Release|Any CPU.Build.0 = Release|Any CPU
	EndGlobalSection
	GlobalSection(SolutionProperties) = preSolution
		HideSolutionNode = FALSE
	EndGlobalSection
	GlobalSection(NestedProjects) = preSolution
		{2B8371CE-B333-4C5F-92E0-4B1C631832C2} = {1DA22FA1-B1FF-4574-B776-A00B7B02FD9F}
		{6169B816-4256-456B-BB0E-D990EADAF20F} = {1DA22FA1-B1FF-4574-B776-A00B7B02FD9F}
		{E4E2F8F8-9E50-4413-A9FF-14D8A0DF508A} = {1DA22FA1-B1FF-4574-B776-A00B7B02FD9F}
		{9AB5B24B-239F-4B36-8744-7B15F9FA2DF6} = {20C21FA8-95D9-4E3D-A3C5-792472A19008}
		{3D9ECD99-C509-48F9-9B97-3D3634BEC103} = {20C21FA8-95D9-4E3D-A3C5-792472A19008}
		{4578F8B9-E8E6-4DE5-9A58-E0AFAD209B99} = {76E3C554-494D-495C-95A0-7732A0733C5E}
		{DE986914-F67F-41E5-8CFE-CBA5228D75A3} = {A4A6413D-B1EC-492E-8405-5CD8C21A22E1}
		{02A4B142-7360-400C-854E-B3D1FA11218E} = {9796CEBE-7F07-47D9-ADAA-335C14DD0AC9}
		{4EBCD073-8419-412A-B433-292EC2548C4A} = {100AE78D-7446-40AD-A49C-F3A1D82270DE}
		{12B6276D-90FC-4773-8421-74A033ED3B01} = {100AE78D-7446-40AD-A49C-F3A1D82270DE}
		{E943FD21-240E-48D4-BE31-4738412F6933} = {67AE3328-BB8E-43D5-A696-41B92EBBCF1B}
		{2A0DC5ED-F1D5-4C8A-A640-D6106F824F77} = {67AE3328-BB8E-43D5-A696-41B92EBBCF1B}
		{4CCC6543-BA78-43D5-9A3F-F85F6722916F} = {639E4342-620D-43CD-9210-F13437FD788B}
		{6333D453-34A2-486E-B1BF-4A969600ACE8} = {639E4342-620D-43CD-9210-F13437FD788B}
		{603A899D-C156-46A7-A580-EE0227171CE5} = {639E4342-620D-43CD-9210-F13437FD788B}
		{4F4F57AF-4F55-4FE1-AF12-6E22672E2C15} = {5DE39A6E-015E-4340-B28F-6CC9EB5BA1EC}
		{21533A79-48ED-418D-B4AE-33B7CE3476FD} = {0DD35068-1828-4A66-8AA3-EF7D206D370B}
	EndGlobalSection
	GlobalSection(ExtensibilityGlobals) = postSolution
		SolutionGuid = {26BD0F6A-E2B4-43B5-A678-B85A60FE91BB}
	EndGlobalSection
EndGlobal
